
Microsoft Visual Studio Solution File, Format Version 12.00
# Visual Studio Version 17
VisualStudioVersion = 17.3.32819.101
MinimumVisualStudioVersion = 10.0.40219.1
Project("{FAE04EC0-301F-11D3-BF4B-00C04F79EFBC}") = "HomeWorkOOp2", "HomeWorkOOp2.csproj", "{28505096-2424-4294-8C6F-3A864E611F13}"
EndProject
Global
	GlobalSection(SolutionConfigurationPlatforms) = preSolution
		Debug|Any CPU = Debug|Any CPU
		Release|Any CPU = Release|Any CPU
	EndGlobalSection
	GlobalSection(ProjectConfigurationPlatforms) = postSolution
		{28505096-2424-4294-8C6F-3A864E611F13}.Debug|Any CPU.ActiveCfg = Debug|Any CPU
		{28505096-2424-4294-8C6F-3A864E611F13}.Debug|Any CPU.Build.0 = Debug|Any CPU
		{28505096-2424-4294-8C6F-3A864E611F13}.Release|Any CPU.ActiveCfg = Release|Any CPU
		{28505096-2424-4294-8C6F-3A864E611F13}.Release|Any CPU.Build.0 = Release|Any CPU
	EndGlobalSection
	GlobalSection(SolutionProperties) = preSolution
		HideSolutionNode = FALSE
	EndGlobalSection
	GlobalSection(ExtensibilityGlobals) = postSolution
		SolutionGuid = {D928C7BA-D35D-4CF6-97CB-E644F09C70EE}
	EndGlobalSection
EndGlobal
